// !$*UTF8*$!
{
	archiveVersion = 1;
	classes = {
	};
	objectVersion = 46;
	objects = {

/* Begin PBXBuildFile section */
		5FE0FDF61F000BC400BAA44F /* Range.hpp in Headers */ = {isa = PBXBuildFile; fileRef = 5FE0FDF51F000BC400BAA44F /* Range.hpp */; };
		5FE0FDF81F000BC400BAA44F /* RangePriv.hpp in Headers */ = {isa = PBXBuildFile; fileRef = 5FE0FDF71F000BC400BAA44F /* RangePriv.hpp */; };
		5FE0FDFA1F000BC400BAA44F /* Range.cpp in Sources */ = {isa = PBXBuildFile; fileRef = 5FE0FDF91F000BC400BAA44F /* Range.cpp */; };
		5FE0FE091F000E4800BAA44F /* main.cpp in Sources */ = {isa = PBXBuildFile; fileRef = 5FE0FE081F000E4800BAA44F /* main.cpp */; };
		5FE0FE0D1F000EBF00BAA44F /* libRange.a in Frameworks */ = {isa = PBXBuildFile; fileRef = 5FE0FDF21F000BC400BAA44F /* libRange.a */; };
/* End PBXBuildFile section */

/* Begin PBXCopyFilesBuildPhase section */
		5FE0FE041F000E4800BAA44F /* CopyFiles */ = {
			isa = PBXCopyFilesBuildPhase;
			buildActionMask = 2147483647;
			dstPath = /usr/share/man/man1/;
			dstSubfolderSpec = 0;
			files = (
			);
			runOnlyForDeploymentPostprocessing = 1;
		};
/* End PBXCopyFilesBuildPhase section */

/* Begin PBXFileReference section */
		5FE0FDF21F000BC400BAA44F /* libRange.a */ = {isa = PBXFileReference; explicitFileType = archive.ar; includeInIndex = 0; path = libRange.a; sourceTree = BUILT_PRODUCTS_DIR; };
		5FE0FDF51F000BC400BAA44F /* Range.hpp */ = {isa = PBXFileReference; lastKnownFileType = sourcecode.cpp.h; path = Range.hpp; sourceTree = "<group>"; };
		5FE0FDF71F000BC400BAA44F /* RangePriv.hpp */ = {isa = PBXFileReference; lastKnownFileType = sourcecode.cpp.h; path = RangePriv.hpp; sourceTree = "<group>"; };
		5FE0FDF91F000BC400BAA44F /* Range.cpp */ = {isa = PBXFileReference; lastKnownFileType = sourcecode.cpp.cpp; path = Range.cpp; sourceTree = "<group>"; };
		5FE0FE061F000E4800BAA44F /* Tests */ = {isa = PBXFileReference; explicitFileType = "compiled.mach-o.executable"; includeInIndex = 0; path = Tests; sourceTree = BUILT_PRODUCTS_DIR; };
		5FE0FE081F000E4800BAA44F /* main.cpp */ = {isa = PBXFileReference; lastKnownFileType = sourcecode.cpp.cpp; path = main.cpp; sourceTree = "<group>"; };
/* End PBXFileReference section */

/* Begin PBXFrameworksBuildPhase section */
		5FE0FDEF1F000BC400BAA44F /* Frameworks */ = {
			isa = PBXFrameworksBuildPhase;
			buildActionMask = 2147483647;
			files = (
			);
			runOnlyForDeploymentPostprocessing = 0;
		};
		5FE0FE031F000E4800BAA44F /* Frameworks */ = {
			isa = PBXFrameworksBuildPhase;
			buildActionMask = 2147483647;
			files = (
				5FE0FE0D1F000EBF00BAA44F /* libRange.a in Frameworks */,
			);
			runOnlyForDeploymentPostprocessing = 0;
		};
/* End PBXFrameworksBuildPhase section */

/* Begin PBXGroup section */
		5FE0FDE91F000BC400BAA44F = {
			isa = PBXGroup;
			children = (
				5FE0FDF41F000BC400BAA44F /* Range */,
				5FE0FE071F000E4800BAA44F /* Tests */,
				5FE0FDF31F000BC400BAA44F /* Products */,
			);
			sourceTree = "<group>";
		};
		5FE0FDF31F000BC400BAA44F /* Products */ = {
			isa = PBXGroup;
			children = (
				5FE0FDF21F000BC400BAA44F /* libRange.a */,
				5FE0FE061F000E4800BAA44F /* Tests */,
			);
			name = Products;
			sourceTree = "<group>";
		};
		5FE0FDF41F000BC400BAA44F /* Range */ = {
			isa = PBXGroup;
			children = (
				5FE0FDF51F000BC400BAA44F /* Range.hpp */,
				5FE0FDF71F000BC400BAA44F /* RangePriv.hpp */,
				5FE0FDF91F000BC400BAA44F /* Range.cpp */,
			);
			path = Range;
			sourceTree = "<group>";
		};
		5FE0FE071F000E4800BAA44F /* Tests */ = {
			isa = PBXGroup;
			children = (
				5FE0FE081F000E4800BAA44F /* main.cpp */,
			);
			path = Tests;
			sourceTree = "<group>";
		};
/* End PBXGroup section */

/* Begin PBXHeadersBuildPhase section */
		5FE0FDF01F000BC400BAA44F /* Headers */ = {
			isa = PBXHeadersBuildPhase;
			buildActionMask = 2147483647;
			files = (
				5FE0FDF61F000BC400BAA44F /* Range.hpp in Headers */,
				5FE0FDF81F000BC400BAA44F /* RangePriv.hpp in Headers */,
			);
			runOnlyForDeploymentPostprocessing = 0;
		};
/* End PBXHeadersBuildPhase section */

/* Begin PBXNativeTarget section */
		5FE0FDF11F000BC400BAA44F /* Range */ = {
			isa = PBXNativeTarget;
			buildConfigurationList = 5FE0FDFD1F000BC400BAA44F /* Build configuration list for PBXNativeTarget "Range" */;
			buildPhases = (
				5FE0FDEE1F000BC400BAA44F /* Sources */,
				5FE0FDEF1F000BC400BAA44F /* Frameworks */,
				5FE0FDF01F000BC400BAA44F /* Headers */,
			);
			buildRules = (
			);
			dependencies = (
			);
			name = Range;
			productName = Range;
			productReference = 5FE0FDF21F000BC400BAA44F /* libRange.a */;
			productType = "com.apple.product-type.library.static";
		};
		5FE0FE051F000E4800BAA44F /* Tests */ = {
			isa = PBXNativeTarget;
			buildConfigurationList = 5FE0FE0A1F000E4800BAA44F /* Build configuration list for PBXNativeTarget "Tests" */;
			buildPhases = (
				5FE0FE021F000E4800BAA44F /* Sources */,
				5FE0FE031F000E4800BAA44F /* Frameworks */,
				5FE0FE041F000E4800BAA44F /* CopyFiles */,
			);
			buildRules = (
			);
			dependencies = (
			);
			name = Tests;
			productName = Tests;
			productReference = 5FE0FE061F000E4800BAA44F /* Tests */;
			productType = "com.apple.product-type.tool";
		};
/* End PBXNativeTarget section */

/* Begin PBXProject section */
		5FE0FDEA1F000BC400BAA44F /* Project object */ = {
			isa = PBXProject;
			attributes = {
				LastUpgradeCheck = 0830;
				ORGANIZATIONNAME = "JK:GY";
				TargetAttributes = {
					5FE0FDF11F000BC400BAA44F = {
						CreatedOnToolsVersion = 8.3.3;
						ProvisioningStyle = Automatic;
					};
					5FE0FE051F000E4800BAA44F = {
						CreatedOnToolsVersion = 8.3.3;
						ProvisioningStyle = Automatic;
					};
				};
			};
			buildConfigurationList = 5FE0FDED1F000BC400BAA44F /* Build configuration list for PBXProject "Range" */;
			compatibilityVersion = "Xcode 3.2";
			developmentRegion = English;
			hasScannedForEncodings = 0;
			knownRegions = (
				en,
			);
			mainGroup = 5FE0FDE91F000BC400BAA44F;
			productRefGroup = 5FE0FDF31F000BC400BAA44F /* Products */;
			projectDirPath = "";
			projectRoot = "";
			targets = (
				5FE0FDF11F000BC400BAA44F /* Range */,
				5FE0FE051F000E4800BAA44F /* Tests */,
			);
		};
/* End PBXProject section */

/* Begin PBXSourcesBuildPhase section */
		5FE0FDEE1F000BC400BAA44F /* Sources */ = {
			isa = PBXSourcesBuildPhase;
			buildActionMask = 2147483647;
			files = (
				5FE0FDFA1F000BC400BAA44F /* Range.cpp in Sources */,
			);
			runOnlyForDeploymentPostprocessing = 0;
		};
		5FE0FE021F000E4800BAA44F /* Sources */ = {
			isa = PBXSourcesBuildPhase;
			buildActionMask = 2147483647;
			files = (
				5FE0FE091F000E4800BAA44F /* main.cpp in Sources */,
			);
			runOnlyForDeploymentPostprocessing = 0;
		};
/* End PBXSourcesBuildPhase section */

/* Begin XCBuildConfiguration section */
		5FE0FDFB1F000BC400BAA44F /* Debug */ = {
			isa = XCBuildConfiguration;
			buildSettings = {
				ALWAYS_SEARCH_USER_PATHS = NO;
				CLANG_ANALYZER_NONNULL = YES;
				CLANG_ANALYZER_NUMBER_OBJECT_CONVERSION = YES_AGGRESSIVE;
				CLANG_CXX_LANGUAGE_STANDARD = "gnu++0x";
				CLANG_CXX_LIBRARY = "libc++";
				CLANG_ENABLE_MODULES = YES;
				CLANG_ENABLE_OBJC_ARC = YES;
				CLANG_WARN_BOOL_CONVERSION = YES;
				CLANG_WARN_CONSTANT_CONVERSION = YES;
				CLANG_WARN_DIRECT_OBJC_ISA_USAGE = YES_ERROR;
				CLANG_WARN_DOCUMENTATION_COMMENTS = YES;
				CLANG_WARN_EMPTY_BODY = YES;
				CLANG_WARN_ENUM_CONVERSION = YES;
				CLANG_WARN_INFINITE_RECURSION = YES;
				CLANG_WARN_INT_CONVERSION = YES;
				CLANG_WARN_OBJC_ROOT_CLASS = YES_ERROR;
				CLANG_WARN_SUSPICIOUS_MOVE = YES;
				CLANG_WARN_UNREACHABLE_CODE = YES;
				CLANG_WARN__DUPLICATE_METHOD_MATCH = YES;
				CODE_SIGN_IDENTITY = "-";
				COPY_PHASE_STRIP = NO;
				DEBUG_INFORMATION_FORMAT = dwarf;
				ENABLE_STRICT_OBJC_MSGSEND = YES;
				ENABLE_TESTABILITY = YES;
				GCC_C_LANGUAGE_STANDARD = gnu99;
				GCC_DYNAMIC_NO_PIC = NO;
				GCC_NO_COMMON_BLOCKS = YES;
				GCC_OPTIMIZATION_LEVEL = 0;
				GCC_PREPROCESSOR_DEFINITIONS = (
					"DEBUG=1",
					"$(inherited)",
				);
				GCC_WARN_64_TO_32_BIT_CONVERSION = YES;
				GCC_WARN_ABOUT_RETURN_TYPE = YES_ERROR;
				GCC_WARN_UNDECLARED_SELECTOR = YES;
				GCC_WARN_UNINITIALIZED_AUTOS = YES_AGGRESSIVE;
				GCC_WARN_UNUSED_FUNCTION = YES;
				GCC_WARN_UNUSED_VARIABLE = YES;
				MACOSX_DEPLOYMENT_TARGET = 10.12;
				MTL_ENABLE_DEBUG_INFO = YES;
				ONLY_ACTIVE_ARCH = YES;
				SDKROOT = macosx;
			};
			name = Debug;
		};
		5FE0FDFC1F000BC400BAA44F /* Release */ = {
			isa = XCBuildConfiguration;
			buildSettings = {
				ALWAYS_SEARCH_USER_PATHS = NO;
				CLANG_ANALYZER_NONNULL = YES;
				CLANG_ANALYZER_NUMBER_OBJECT_CONVERSION = YES_AGGRESSIVE;
				CLANG_CXX_LANGUAGE_STANDARD = "gnu++0x";
				CLANG_CXX_LIBRARY = "libc++";
				CLANG_ENABLE_MODULES = YES;
				CLANG_ENABLE_OBJC_ARC = YES;
				CLANG_WARN_BOOL_CONVERSION = YES;
				CLANG_WARN_CONSTANT_CONVERSION = YES;
				CLANG_WARN_DIRECT_OBJC_ISA_USAGE = YES_ERROR;
				CLANG_WARN_DOCUMENTATION_COMMENTS = YES;
				CLANG_WARN_EMPTY_BODY = YES;
				CLANG_WARN_ENUM_CONVERSION = YES;
				CLANG_WARN_INFINITE_RECURSION = YES;
				CLANG_WARN_INT_CONVERSION = YES;
				CLANG_WARN_OBJC_ROOT_CLASS = YES_ERROR;
				CLANG_WARN_SUSPICIOUS_MOVE = YES;
				CLANG_WARN_UNREACHABLE_CODE = YES;
				CLANG_WARN__DUPLICATE_METHOD_MATCH = YES;
				CODE_SIGN_IDENTITY = "-";
				COPY_PHASE_STRIP = NO;
				DEBUG_INFORMATION_FORMAT = "dwarf-with-dsym";
				ENABLE_NS_ASSERTIONS = NO;
				ENABLE_STRICT_OBJC_MSGSEND = YES;
				GCC_C_LANGUAGE_STANDARD = gnu99;
				GCC_NO_COMMON_BLOCKS = YES;
				GCC_WARN_64_TO_32_BIT_CONVERSION = YES;
				GCC_WARN_ABOUT_RETURN_TYPE = YES_ERROR;
				GCC_WARN_UNDECLARED_SELECTOR = YES;
				GCC_WARN_UNINITIALIZED_AUTOS = YES_AGGRESSIVE;
				GCC_WARN_UNUSED_FUNCTION = YES;
				GCC_WARN_UNUSED_VARIABLE = YES;
				MACOSX_DEPLOYMENT_TARGET = 10.12;
				MTL_ENABLE_DEBUG_INFO = NO;
				SDKROOT = macosx;
			};
			name = Release;
		};
		5FE0FDFE1F000BC400BAA44F /* Debug */ = {
			isa = XCBuildConfiguration;
			buildSettings = {
				EXECUTABLE_PREFIX = lib;
				GCC_ENABLE_CPP_EXCEPTIONS = YES;
				GCC_ENABLE_CPP_RTTI = YES;
				PRODUCT_NAME = "$(TARGET_NAME)";
			};
			name = Debug;
		};
		5FE0FDFF1F000BC400BAA44F /* Release */ = {
			isa = XCBuildConfiguration;
			buildSettings = {
				EXECUTABLE_PREFIX = lib;
				GCC_ENABLE_CPP_EXCEPTIONS = YES;
				GCC_ENABLE_CPP_RTTI = YES;
				PRODUCT_NAME = "$(TARGET_NAME)";
			};
			name = Release;
		};
		5FE0FE0B1F000E4800BAA44F /* Debug */ = {
			isa = XCBuildConfiguration;
			buildSettings = {
				PRODUCT_NAME = "$(TARGET_NAME)";
			};
			name = Debug;
		};
		5FE0FE0C1F000E4800BAA44F /* Release */ = {
			isa = XCBuildConfiguration;
			buildSettings = {
				PRODUCT_NAME = "$(TARGET_NAME)";
			};
			name = Release;
		};
/* End XCBuildConfiguration section */

/* Begin XCConfigurationList section */
		5FE0FDED1F000BC400BAA44F /* Build configuration list for PBXProject "Range" */ = {
			isa = XCConfigurationList;
			buildConfigurations = (
				5FE0FDFB1F000BC400BAA44F /* Debug */,
				5FE0FDFC1F000BC400BAA44F /* Release */,
			);
			defaultConfigurationIsVisible = 0;
			defaultConfigurationName = Release;
		};
		5FE0FDFD1F000BC400BAA44F /* Build configuration list for PBXNativeTarget "Range" */ = {
			isa = XCConfigurationList;
			buildConfigurations = (
				5FE0FDFE1F000BC400BAA44F /* Debug */,
				5FE0FDFF1F000BC400BAA44F /* Release */,
			);
			defaultConfigurationIsVisible = 0;
		};
		5FE0FE0A1F000E4800BAA44F /* Build configuration list for PBXNativeTarget "Tests" */ = {
			isa = XCConfigurationList;
			buildConfigurations = (
				5FE0FE0B1F000E4800BAA44F /* Debug */,
				5FE0FE0C1F000E4800BAA44F /* Release */,
			);
			defaultConfigurationIsVisible = 0;
		};
/* End XCConfigurationList section */
	};
	rootObject = 5FE0FDEA1F000BC400BAA44F /* Project object */;
}
